{
  "version": 4,
  "terraform_version": "1.9.5",
  "serial": 3,
  "lineage": "7d9eff7e-808f-2905-89f5-519089024bb0",
  "outputs": {
    "vpc_id": {
      "value": "vpc-046aace1afe4ae695",
      "type": "string"
    },
    "vpc_id_from_main": {
      "value": "vpc-046aace1afe4ae695",
      "type": "string"
    }
  },
  "resources": [
    {
      "mode": "managed",
      "type": "aws_internet_gateway",
      "name": "igw",
      "provider": "provider[\"registry.terraform.io/hashicorp/aws\"]",
      "instances": [
        {
          "schema_version": 0,
          "attributes": {
            "arn": "arn:aws:ec2:ap-southeast-1:533267100679:internet-gateway/igw-00efddcab32db912c",
            "id": "igw-00efddcab32db912c",
            "owner_id": "533267100679",
            "tags": null,
            "tags_all": {},
            "timeouts": null,
            "vpc_id": "vpc-046aace1afe4ae695"
          },
          "sensitive_attributes": [],
          "private": "eyJlMmJmYjczMC1lY2FhLTExZTYtOGY4OC0zNDM2M2JjN2M0YzAiOnsiY3JlYXRlIjoxMjAwMDAwMDAwMDAwLCJkZWxldGUiOjEyMDAwMDAwMDAwMDAsInVwZGF0ZSI6MTIwMDAwMDAwMDAwMH19",
          "dependencies": [
            "aws_vpc.main"
          ]
        }
      ]
    },
    {
      "mode": "managed",
      "type": "aws_vpc",
      "name": "main",
      "provider": "provider[\"registry.terraform.io/hashicorp/aws\"]",
      "instances": [
        {
          "schema_version": 1,
          "attributes": {
            "arn": "arn:aws:ec2:ap-southeast-1:533267100679:vpc/vpc-046aace1afe4ae695",
            "assign_generated_ipv6_cidr_block": false,
            "cidr_block": "10.0.0.0/16",
            "default_network_acl_id": "acl-0118c55d945784821",
            "default_route_table_id": "rtb-0cd6505b7ebb968a1",
            "default_security_group_id": "sg-083d855996801d354",
            "dhcp_options_id": "dopt-096d67836224efcb7",
            "enable_dns_hostnames": false,
            "enable_dns_support": true,
            "enable_network_address_usage_metrics": false,
            "id": "vpc-046aace1afe4ae695",
            "instance_tenancy": "default",
            "ipv4_ipam_pool_id": null,
            "ipv4_netmask_length": null,
            "ipv6_association_id": "",
            "ipv6_cidr_block": "",
            "ipv6_cidr_block_network_border_group": "",
            "ipv6_ipam_pool_id": "",
            "ipv6_netmask_length": 0,
            "main_route_table_id": "rtb-0cd6505b7ebb968a1",
            "owner_id": "533267100679",
            "tags": null,
            "tags_all": {}
          },
          "sensitive_attributes": [],
          "private": "eyJzY2hlbWFfdmVyc2lvbiI6IjEifQ=="
        }
      ]
    }
  ],
  "check_results": null
}
